
Microsoft Visual Studio Solution File, Format Version 12.00
# Visual Studio 15
VisualStudioVersion = 15.0.28307.1259
MinimumVisualStudioVersion = 10.0.40219.1
Project("{888888A0-9F3D-457C-B088-3A5042F75D52}") = "geo_coding", "geo_coding.pyproj", "{BD86D1BE-1999-4263-855C-776BFBD93D0D}"
EndProject
Global
	GlobalSection(SolutionConfigurationPlatforms) = preSolution
		Debug|Any CPU = Debug|Any CPU
		Release|Any CPU = Release|Any CPU
	EndGlobalSection
	GlobalSection(ProjectConfigurationPlatforms) = postSolution
		{BD86D1BE-1999-4263-855C-776BFBD93D0D}.Debug|Any CPU.ActiveCfg = Debug|Any CPU
		{BD86D1BE-1999-4263-855C-776BFBD93D0D}.Release|Any CPU.ActiveCfg = Release|Any CPU
	EndGlobalSection
	GlobalSection(SolutionProperties) = preSolution
		HideSolutionNode = FALSE
	EndGlobalSection
	GlobalSection(ExtensibilityGlobals) = postSolution
		SolutionGuid = {95EBC216-1C08-4DD3-85A7-860AE9B6449A}
	EndGlobalSection
EndGlobal
